
Microsoft Visual Studio Solution File, Format Version 12.00
# Visual Studio Version 16
VisualStudioVersion = 16.0.30907.101
MinimumVisualStudioVersion = 10.0.40219.1
Project("{FAE04EC0-301F-11D3-BF4B-00C04F79EFBC}") = "ClassMetotDemo", "ClassMetotDemo\ClassMetotDemo.csproj", "{4ED80DD8-3920-43F7-8FA8-19D57A4C1124}"
EndProject
Global
	GlobalSection(SolutionConfigurationPlatforms) = preSolution
		Debug|Any CPU = Debug|Any CPU
		Release|Any CPU = Release|Any CPU
	EndGlobalSection
	GlobalSection(ProjectConfigurationPlatforms) = postSolution
		{4ED80DD8-3920-43F7-8FA8-19D57A4C1124}.Debug|Any CPU.ActiveCfg = Debug|Any CPU
		{4ED80DD8-3920-43F7-8FA8-19D57A4C1124}.Debug|Any CPU.Build.0 = Debug|Any CPU
		{4ED80DD8-3920-43F7-8FA8-19D57A4C1124}.Release|Any CPU.ActiveCfg = Release|Any CPU
		{4ED80DD8-3920-43F7-8FA8-19D57A4C1124}.Release|Any CPU.Build.0 = Release|Any CPU
	EndGlobalSection
	GlobalSection(SolutionProperties) = preSolution
		HideSolutionNode = FALSE
	EndGlobalSection
	GlobalSection(ExtensibilityGlobals) = postSolution
		SolutionGuid = {E040BA85-5036-49F6-9D17-134476EC2522}
	EndGlobalSection
EndGlobal
